Microsoft Visual Studio Solution File, Format Version 12.00
# Visual Studio Version 17
VisualStudioVersion = 17.5.2.0
MinimumVisualStudioVersion = 10.0.40219.1
Project("{FAE04EC0-301F-11D3-BF4B-00C04F79EFBC}") = "LSTC.CheeseShop.Domain.Tests", "LSTC.CheeseShop.Domain.Tests\LSTC.CheeseShop.Domain.Tests.csproj", "{3996B881-BD47-6A01-C16E-AC0CF680D26D}"
EndProject
Project("{FAE04EC0-301F-11D3-BF4B-00C04F79EFBC}") = "LSTC.CheeseShop.Domain", "LSTC.CheeseShop.Domain\LSTC.CheeseShop.Domain.csproj", "{84DEAD88-A63F-F8C3-6BE6-9E03163BE544}"
EndProject
Project("{FAE04EC0-301F-11D3-BF4B-00C04F79EFBC}") = "api", "api\api.csproj", "{CBFA08EA-AECE-205F-7B85-326FD0B81BAD}"
EndProject
Global
	GlobalSection(SolutionConfigurationPlatforms) = preSolution
		Debug|Any CPU = Debug|Any CPU
		Release|Any CPU = Release|Any CPU
	EndGlobalSection
	GlobalSection(ProjectConfigurationPlatforms) = postSolution
		{3996B881-BD47-6A01-C16E-AC0CF680D26D}.Debug|Any CPU.ActiveCfg = Debug|Any CPU
		{3996B881-BD47-6A01-C16E-AC0CF680D26D}.Debug|Any CPU.Build.0 = Debug|Any CPU
		{3996B881-BD47-6A01-C16E-AC0CF680D26D}.Release|Any CPU.ActiveCfg = Release|Any CPU
		{3996B881-BD47-6A01-C16E-AC0CF680D26D}.Release|Any CPU.Build.0 = Release|Any CPU
		{84DEAD88-A63F-F8C3-6BE6-9E03163BE544}.Debug|Any CPU.ActiveCfg = Debug|Any CPU
		{84DEAD88-A63F-F8C3-6BE6-9E03163BE544}.Debug|Any CPU.Build.0 = Debug|Any CPU
		{84DEAD88-A63F-F8C3-6BE6-9E03163BE544}.Release|Any CPU.ActiveCfg = Release|Any CPU
		{84DEAD88-A63F-F8C3-6BE6-9E03163BE544}.Release|Any CPU.Build.0 = Release|Any CPU
		{CBFA08EA-AECE-205F-7B85-326FD0B81BAD}.Debug|Any CPU.ActiveCfg = Debug|Any CPU
		{CBFA08EA-AECE-205F-7B85-326FD0B81BAD}.Debug|Any CPU.Build.0 = Debug|Any CPU
		{CBFA08EA-AECE-205F-7B85-326FD0B81BAD}.Release|Any CPU.ActiveCfg = Release|Any CPU
		{CBFA08EA-AECE-205F-7B85-326FD0B81BAD}.Release|Any CPU.Build.0 = Release|Any CPU
	EndGlobalSection
	GlobalSection(SolutionProperties) = preSolution
		HideSolutionNode = FALSE
	EndGlobalSection
	GlobalSection(ExtensibilityGlobals) = postSolution
		SolutionGuid = {DBBF6597-D54A-404F-AFDB-4CDD464D052C}
	EndGlobalSection
EndGlobal
